schema: '2.0'
stages:
  data_ingestion:
    cmd: python src/cnnClassifier/pipeline/stage_01_data_ingestion.py
    deps:
    - path: config/config.yaml
      hash: md5
      md5: c56f1b92f73923923179997551cd9ee2
      size: 571
    - path: src/cnnClassifier/pipeline/stage_01_data_ingestion.py
      hash: md5
      md5: 8d9e42c8d2e0384f39fd9e50a44662ef
      size: 877
    outs:
    - path: artifacts/data_ingestion/kidney-ct-scan
      hash: md5
      md5: 6df7adfffbd07c077125bc77367b2211.dir
      size: 1140264398
      nfiles: 8787
  prepare_base_model:
    cmd: python src/cnnClassifier/pipeline/stage_02_prepare_base_model.py
    deps:
    - path: config/config.yaml
      hash: md5
      md5: c56f1b92f73923923179997551cd9ee2
      size: 571
    - path: src/cnnClassifier/pipeline/stage_02_prepare_base_model.py
      hash: md5
      md5: 609f8d4fb6a52ff5a5b629cc65a637b6
      size: 963
    params:
      params.yaml:
        CLASSES: 2
        IMAGE_SIZE:
        - 224
        - 224
        - 3
        INCLUDE_TOP: false
        LEARNING_RATE: 0.01
        WEIGHTS: imagenet
    outs:
    - path: artifacts/prepare_base_model
      hash: md5
      md5: 178210364481daabfa11ee2f6c23960f.dir
      size: 118054560
      nfiles: 2
  training:
    cmd: python src/cnnClassifier/pipeline/stage_03_model_training.py
    deps:
    - path: artifacts/data_ingestion/kidney-ct-scan
      hash: md5
      md5: 6df7adfffbd07c077125bc77367b2211.dir
      size: 1140264398
      nfiles: 8787
    - path: artifacts/prepare_base_model
      hash: md5
      md5: 178210364481daabfa11ee2f6c23960f.dir
      size: 118054560
      nfiles: 2
    - path: config/config.yaml
      hash: md5
      md5: c56f1b92f73923923179997551cd9ee2
      size: 571
    - path: src/cnnClassifier/pipeline/stage_03_model_training.py
      hash: md5
      md5: bd3b2f4714c0060c4b1bf6f90504eab7
      size: 875
    params:
      params.yaml:
        AUGMENTATION: true
        BATCH_SIZE: 16
        EPOCHS: 1
        IMAGE_SIZE:
        - 224
        - 224
        - 3
    outs:
    - path: artifacts/training/model.h5
      hash: md5
      md5: 6a9960661d2101288a629b598fa61758
      size: 59337520
  evaluation:
    cmd: python src/cnnClassifier/pipeline/stage_04_model_evaluation_mlflow.py
    deps:
    - path: artifacts/data_ingestion/kidney-ct-scan
      hash: md5
      md5: 6df7adfffbd07c077125bc77367b2211.dir
      size: 1140264398
      nfiles: 8787
    - path: artifacts/training/model.h5
      hash: md5
      md5: 6a9960661d2101288a629b598fa61758
      size: 59337520
    - path: config/config.yaml
      hash: md5
      md5: c56f1b92f73923923179997551cd9ee2
      size: 571
    - path: src/cnnClassifier/pipeline/stage_04_model_evaluation_mlflow.py
      hash: md5
      md5: 2bc36d470e89538d68ec63735233ad04
      size: 881
    params:
      params.yaml:
        BATCH_SIZE: 16
        IMAGE_SIZE:
        - 224
        - 224
        - 3
    outs:
    - path: scores.json
      hash: md5
      md5: be9bee397cf19f21dd571b8757881fed
      size: 70
